<?xml version="1.0" encoding="utf-8"?>
<Project ToolsVersion="4.0" xmlns="http://schemas.microsoft.com/developer/msbuild/2003">
  <ItemGroup>
    <Filter Include="src">
      <UniqueIdentifier>{90DD0C70-F5DB-F148-9BDD-D26F6733250A}</UniqueIdentifier>
    </Filter>
    <Filter Include="src\msgpack">
      <UniqueIdentifier>{3C8F1F40-3FD5-C946-AFE8-6AD6F0E0FA00}</UniqueIdentifier>
    </Filter>
    <Filter Include="src\msgpack\type">
      <UniqueIdentifier>{E93C617B-3C04-F447-814A-706D8E4ED0D1}</UniqueIdentifier>
    </Filter>
    <Filter Include="src\msgpack\type\tr1">
      <UniqueIdentifier>{D7ACE3B4-440E-8142-8087-17CB88FEEB0F}</UniqueIdentifier>
    </Filter>
  </ItemGroup>
  <ItemGroup>
    <ClInclude Include="src\msgpack.hpp">
      <Filter>src</Filter>
    </ClInclude>
    <ClInclude Include="src\msgpack\object.hpp">
      <Filter>src\msgpack</Filter>
    </ClInclude>
    <ClInclude Include="src\msgpack\pack.hpp">
      <Filter>src\msgpack</Filter>
    </ClInclude>
    <ClInclude Include="src\msgpack\sbuffer.hpp">
      <Filter>src\msgpack</Filter>
    </ClInclude>
    <ClInclude Include="src\msgpack\type.hpp">
      <Filter>src\msgpack</Filter>
    </ClInclude>
    <ClInclude Include="src\msgpack\unpack.hpp">
      <Filter>src\msgpack</Filter>
    </ClInclude>
    <ClInclude Include="src\msgpack\vrefbuffer.hpp">
      <Filter>src\msgpack</Filter>
    </ClInclude>
    <ClInclude Include="src\msgpack\zbuffer.hpp">
      <Filter>src\msgpack</Filter>
    </ClInclude>
    <ClInclude Include="src\msgpack\zone.hpp">
      <Filter>src\msgpack</Filter>
    </ClInclude>
    <ClInclude Include="src\msgpack\type\bool.hpp">
      <Filter>src\msgpack\type</Filter>
    </ClInclude>
    <ClInclude Include="src\msgpack\type\define.hpp">
      <Filter>src\msgpack\type</Filter>
    </ClInclude>
    <ClInclude Include="src\msgpack\type\deque.hpp">
      <Filter>src\msgpack\type</Filter>
    </ClInclude>
    <ClInclude Include="src\msgpack\type\fixint.hpp">
      <Filter>src\msgpack\type</Filter>
    </ClInclude>
    <ClInclude Include="src\msgpack\type\float.hpp">
      <Filter>src\msgpack\type</Filter>
    </ClInclude>
    <ClInclude Include="src\msgpack\type\int.hpp">
      <Filter>src\msgpack\type</Filter>
    </ClInclude>
    <ClInclude Include="src\msgpack\type\list.hpp">
      <Filter>src\msgpack\type</Filter>
    </ClInclude>
    <ClInclude Include="src\msgpack\type\map.hpp">
      <Filter>src\msgpack\type</Filter>
    </ClInclude>
    <ClInclude Include="src\msgpack\type\nil.hpp">
      <Filter>src\msgpack\type</Filter>
    </ClInclude>
    <ClInclude Include="src\msgpack\type\pair.hpp">
      <Filter>src\msgpack\type</Filter>
    </ClInclude>
    <ClInclude Include="src\msgpack\type\raw.hpp">
      <Filter>src\msgpack\type</Filter>
    </ClInclude>
    <ClInclude Include="src\msgpack\type\set.hpp">
      <Filter>src\msgpack\type</Filter>
    </ClInclude>
    <ClInclude Include="src\msgpack\type\string.hpp">
      <Filter>src\msgpack\type</Filter>
    </ClInclude>
    <ClInclude Include="src\msgpack\type\tuple.hpp">
      <Filter>src\msgpack\type</Filter>
    </ClInclude>
    <ClInclude Include="src\msgpack\type\vector.hpp">
      <Filter>src\msgpack\type</Filter>
    </ClInclude>
    <ClInclude Include="src\msgpack\type\tr1\unordered_map.hpp">
      <Filter>src\msgpack\type\tr1</Filter>
    </ClInclude>
    <ClInclude Include="src\msgpack\type\tr1\unordered_set.hpp">
      <Filter>src\msgpack\type\tr1</Filter>
    </ClInclude>
    <ClInclude Include="src\msgpack.h">
      <Filter>src</Filter>
    </ClInclude>
    <ClInclude Include="src\msgpack\object.h">
      <Filter>src\msgpack</Filter>
    </ClInclude>
    <ClInclude Include="src\msgpack\pack.h">
      <Filter>src\msgpack</Filter>
    </ClInclude>
    <ClInclude Include="src\msgpack\pack_define.h">
      <Filter>src\msgpack</Filter>
    </ClInclude>
    <ClInclude Include="src\msgpack\pack_template.h">
      <Filter>src\msgpack</Filter>
    </ClInclude>
    <ClInclude Include="src\msgpack\sbuffer.h">
      <Filter>src\msgpack</Filter>
    </ClInclude>
    <ClInclude Include="src\msgpack\sysdep.h">
      <Filter>src\msgpack</Filter>
    </ClInclude>
    <ClInclude Include="src\msgpack\unpack.h">
      <Filter>src\msgpack</Filter>
    </ClInclude>
    <ClInclude Include="src\msgpack\unpack_define.h">
      <Filter>src\msgpack</Filter>
    </ClInclude>
    <ClInclude Include="src\msgpack\unpack_template.h">
      <Filter>src\msgpack</Filter>
    </ClInclude>
    <ClInclude Include="src\msgpack\version.h">
      <Filter>src\msgpack</Filter>
    </ClInclude>
    <ClInclude Include="src\msgpack\vrefbuffer.h">
      <Filter>src\msgpack</Filter>
    </ClInclude>
    <ClInclude Include="src\msgpack\zbuffer.h">
      <Filter>src\msgpack</Filter>
    </ClInclude>
    <ClInclude Include="src\msgpack\zone.h">
      <Filter>src\msgpack</Filter>
    </ClInclude>
  </ItemGroup>
  <ItemGroup>
    <ClCompile Include="src\gcc_atomic.cpp">
      <Filter>src</Filter>
    </ClCompile>
    <ClCompile Include="src\object.cpp">
      <Filter>src</Filter>
    </ClCompile>
    <ClCompile Include="src\objectc.c">
      <Filter>src</Filter>
    </ClCompile>
    <ClCompile Include="src\unpack.c">
      <Filter>src</Filter>
    </ClCompile>
    <ClCompile Include="src\version.c">
      <Filter>src</Filter>
    </ClCompile>
    <ClCompile Include="src\vrefbuffer.c">
      <Filter>src</Filter>
    </ClCompile>
    <ClCompile Include="src\zone.c">
      <Filter>src</Filter>
    </ClCompile>
  </ItemGroup>
</Project>
